
Microsoft Visual Studio Solution File, Format Version 12.00
# Visual Studio Version 17
VisualStudioVersion = 17.11.35312.102
MinimumVisualStudioVersion = 10.0.40219.1
Project("{FAE04EC0-301F-11D3-BF4B-00C04F79EFBC}") = "ComponenteBanco", "ComponenteBanco.csproj", "{D1DA7D6C-F185-4301-97B1-0A247C7455C0}"
EndProject
Global
	GlobalSection(SolutionConfigurationPlatforms) = preSolution
		Debug|Any CPU = Debug|Any CPU
		Release|Any CPU = Release|Any CPU
	EndGlobalSection
	GlobalSection(ProjectConfigurationPlatforms) = postSolution
		{D1DA7D6C-F185-4301-97B1-0A247C7455C0}.Debug|Any CPU.ActiveCfg = Debug|Any CPU
		{D1DA7D6C-F185-4301-97B1-0A247C7455C0}.Debug|Any CPU.Build.0 = Debug|Any CPU
		{D1DA7D6C-F185-4301-97B1-0A247C7455C0}.Release|Any CPU.ActiveCfg = Release|Any CPU
		{D1DA7D6C-F185-4301-97B1-0A247C7455C0}.Release|Any CPU.Build.0 = Release|Any CPU
	EndGlobalSection
	GlobalSection(SolutionProperties) = preSolution
		HideSolutionNode = FALSE
	EndGlobalSection
	GlobalSection(ExtensibilityGlobals) = postSolution
		SolutionGuid = {DF268823-659D-48A7-9CDC-EE29C537EA31}
	EndGlobalSection
EndGlobal
